
Microsoft Visual Studio Solution File, Format Version 12.00
# Visual Studio Version 17
VisualStudioVersion = 17.12.35521.163
MinimumVisualStudioVersion = 10.0.40219.1
Project("{8BC9CEB8-8B4A-11D0-8D11-00A0C91BC942}") = "SimpleFactory", "SimpleFactory\SimpleFactory.vcxproj", "{D8869555-7511-4C57-A4EC-254D8A0FCBF9}"
EndProject
Project("{8BC9CEB8-8B4A-11D0-8D11-00A0C91BC942}") = "Command", "Command\Command.vcxproj", "{2AB4EABA-5AF4-4D0F-8C82-9D5E4F4F0932}"
EndProject
Project("{8BC9CEB8-8B4A-11D0-8D11-00A0C91BC942}") = "Strategy", "Strategy\Strategy.vcxproj", "{BD3DCF09-649D-4018-85F5-C2FF8B9F8902}"
EndProject
Project("{8BC9CEB8-8B4A-11D0-8D11-00A0C91BC942}") = "DesignPrinciple", "DesignPrinciple\DesignPrinciple.vcxproj", "{52BCE53C-DDBC-4B60-9D3E-A71BCFE9B1CA}"
EndProject
Project("{8BC9CEB8-8B4A-11D0-8D11-00A0C91BC942}") = "Decorator", "Decorator\Decorator.vcxproj", "{D1675A9E-715C-4015-82CB-A4C424F87318}"
EndProject
Project("{8BC9CEB8-8B4A-11D0-8D11-00A0C91BC942}") = "Visitor", "Visitor\Visitor.vcxproj", "{72886FA7-9692-4C88-8CB8-C30E7BDD0B24}"
EndProject
Project("{8BC9CEB8-8B4A-11D0-8D11-00A0C91BC942}") = "FactoryMethod", "FactoryMethod\FactoryMethod.vcxproj", "{92240CEC-802D-44CB-AEF0-EC6A19D495C0}"
EndProject
Project("{8BC9CEB8-8B4A-11D0-8D11-00A0C91BC942}") = "Protype", "Protype\Protype.vcxproj", "{8CEAC6A1-C1E2-4C61-9967-089A87430128}"
EndProject
Project("{8BC9CEB8-8B4A-11D0-8D11-00A0C91BC942}") = "Template", "Template\Template.vcxproj", "{40CC9CB3-74A5-415B-A94C-9A8FE2042F3E}"
EndProject
Project("{8BC9CEB8-8B4A-11D0-8D11-00A0C91BC942}") = "Facade", "Facade\Facade.vcxproj", "{F0825314-4979-43E0-B17C-A5B9FED4389E}"
EndProject
Project("{8BC9CEB8-8B4A-11D0-8D11-00A0C91BC942}") = "Builder", "Builder\Builder.vcxproj", "{1B973648-976B-4D0F-A132-1595FB415C03}"
EndProject
Project("{8BC9CEB8-8B4A-11D0-8D11-00A0C91BC942}") = "Observer", "Observer\Observer.vcxproj", "{7607822D-EE51-4E8F-8965-9EB11DB7C30A}"
EndProject
Project("{8BC9CEB8-8B4A-11D0-8D11-00A0C91BC942}") = "AbstractFactory", "AbstractFactory\AbstractFactory.vcxproj", "{D694D040-869C-4E76-9733-A7F9E9D1AF8C}"
EndProject
Project("{8BC9CEB8-8B4A-11D0-8D11-00A0C91BC942}") = "State", "State\State.vcxproj", "{FE5D7A63-9001-4472-BE4E-6CC48A45DD3D}"
EndProject
Project("{8BC9CEB8-8B4A-11D0-8D11-00A0C91BC942}") = "Adapter", "Adapter\Adapter.vcxproj", "{BC748C64-749E-49A3-B032-2B9FE4A35D63}"
EndProject
Project("{8BC9CEB8-8B4A-11D0-8D11-00A0C91BC942}") = "Memento", "Memento\Memento.vcxproj", "{335CC6F5-CE75-4207-9FF0-7B5273AA1A82}"
EndProject
Project("{8BC9CEB8-8B4A-11D0-8D11-00A0C91BC942}") = "Composite", "Composite\Composite.vcxproj", "{C379C57D-BFE4-4189-B744-42E7794A6293}"
EndProject
Project("{8BC9CEB8-8B4A-11D0-8D11-00A0C91BC942}") = "Iterator", "Iterator\Iterator.vcxproj", "{1D700AFD-A8B5-41AB-9139-07ADA856D14F}"
EndProject
Project("{8BC9CEB8-8B4A-11D0-8D11-00A0C91BC942}") = "Singleton", "Singleton\Singleton.vcxproj", "{0E9C3D77-6B6D-40C7-AC4A-AD4212CB4A18}"
EndProject
Project("{8BC9CEB8-8B4A-11D0-8D11-00A0C91BC942}") = "Bridge", "Bridge\Bridge.vcxproj", "{EC38ECF5-9990-4709-9AD4-FEA275615925}"
EndProject
Project("{8BC9CEB8-8B4A-11D0-8D11-00A0C91BC942}") = "ChainOfResponsibility", "ChainOfResponsibility\ChainOfResponsibility.vcxproj", "{2B2FF663-BE78-4B2E-8E34-3EE2EDD59F9C}"
EndProject
Project("{8BC9CEB8-8B4A-11D0-8D11-00A0C91BC942}") = "Mediator", "Mediator\Mediator.vcxproj", "{74A75849-7D2D-47EB-A324-5465B64FE74E}"
EndProject
Project("{8BC9CEB8-8B4A-11D0-8D11-00A0C91BC942}") = "FlyWeight", "FlyWeight\FlyWeight.vcxproj", "{FF38D7B8-C846-4317-A80D-28831A95A5F9}"
EndProject
Project("{8BC9CEB8-8B4A-11D0-8D11-00A0C91BC942}") = "Interpreter", "Interpreter\Interpreter.vcxproj", "{BA6F736C-CB66-44CB-96CD-41C7E00246AB}"
EndProject
Global
	GlobalSection(SolutionConfigurationPlatforms) = preSolution
		Debug|x64 = Debug|x64
		Debug|x86 = Debug|x86
		Release|x64 = Release|x64
		Release|x86 = Release|x86
	EndGlobalSection
	GlobalSection(ProjectConfigurationPlatforms) = postSolution
		{D8869555-7511-4C57-A4EC-254D8A0FCBF9}.Debug|x64.ActiveCfg = Debug|x64
		{D8869555-7511-4C57-A4EC-254D8A0FCBF9}.Debug|x64.Build.0 = Debug|x64
		{D8869555-7511-4C57-A4EC-254D8A0FCBF9}.Debug|x86.ActiveCfg = Debug|Win32
		{D8869555-7511-4C57-A4EC-254D8A0FCBF9}.Debug|x86.Build.0 = Debug|Win32
		{D8869555-7511-4C57-A4EC-254D8A0FCBF9}.Release|x64.ActiveCfg = Release|x64
		{D8869555-7511-4C57-A4EC-254D8A0FCBF9}.Release|x64.Build.0 = Release|x64
		{D8869555-7511-4C57-A4EC-254D8A0FCBF9}.Release|x86.ActiveCfg = Release|Win32
		{D8869555-7511-4C57-A4EC-254D8A0FCBF9}.Release|x86.Build.0 = Release|Win32
		{2AB4EABA-5AF4-4D0F-8C82-9D5E4F4F0932}.Debug|x64.ActiveCfg = Debug|x64
		{2AB4EABA-5AF4-4D0F-8C82-9D5E4F4F0932}.Debug|x64.Build.0 = Debug|x64
		{2AB4EABA-5AF4-4D0F-8C82-9D5E4F4F0932}.Debug|x86.ActiveCfg = Debug|Win32
		{2AB4EABA-5AF4-4D0F-8C82-9D5E4F4F0932}.Debug|x86.Build.0 = Debug|Win32
		{2AB4EABA-5AF4-4D0F-8C82-9D5E4F4F0932}.Release|x64.ActiveCfg = Release|x64
		{2AB4EABA-5AF4-4D0F-8C82-9D5E4F4F0932}.Release|x64.Build.0 = Release|x64
		{2AB4EABA-5AF4-4D0F-8C82-9D5E4F4F0932}.Release|x86.ActiveCfg = Release|Win32
		{2AB4EABA-5AF4-4D0F-8C82-9D5E4F4F0932}.Release|x86.Build.0 = Release|Win32
		{BD3DCF09-649D-4018-85F5-C2FF8B9F8902}.Debug|x64.ActiveCfg = Debug|x64
		{BD3DCF09-649D-4018-85F5-C2FF8B9F8902}.Debug|x64.Build.0 = Debug|x64
		{BD3DCF09-649D-4018-85F5-C2FF8B9F8902}.Debug|x86.ActiveCfg = Debug|Win32
		{BD3DCF09-649D-4018-85F5-C2FF8B9F8902}.Debug|x86.Build.0 = Debug|Win32
		{BD3DCF09-649D-4018-85F5-C2FF8B9F8902}.Release|x64.ActiveCfg = Release|x64
		{BD3DCF09-649D-4018-85F5-C2FF8B9F8902}.Release|x64.Build.0 = Release|x64
		{BD3DCF09-649D-4018-85F5-C2FF8B9F8902}.Release|x86.ActiveCfg = Release|Win32
		{BD3DCF09-649D-4018-85F5-C2FF8B9F8902}.Release|x86.Build.0 = Release|Win32
		{52BCE53C-DDBC-4B60-9D3E-A71BCFE9B1CA}.Debug|x64.ActiveCfg = Debug|x64
		{52BCE53C-DDBC-4B60-9D3E-A71BCFE9B1CA}.Debug|x64.Build.0 = Debug|x64
		{52BCE53C-DDBC-4B60-9D3E-A71BCFE9B1CA}.Debug|x86.ActiveCfg = Debug|Win32
		{52BCE53C-DDBC-4B60-9D3E-A71BCFE9B1CA}.Debug|x86.Build.0 = Debug|Win32
		{52BCE53C-DDBC-4B60-9D3E-A71BCFE9B1CA}.Release|x64.ActiveCfg = Release|x64
		{52BCE53C-DDBC-4B60-9D3E-A71BCFE9B1CA}.Release|x64.Build.0 = Release|x64
		{52BCE53C-DDBC-4B60-9D3E-A71BCFE9B1CA}.Release|x86.ActiveCfg = Release|Win32
		{52BCE53C-DDBC-4B60-9D3E-A71BCFE9B1CA}.Release|x86.Build.0 = Release|Win32
		{D1675A9E-715C-4015-82CB-A4C424F87318}.Debug|x64.ActiveCfg = Debug|x64
		{D1675A9E-715C-4015-82CB-A4C424F87318}.Debug|x64.Build.0 = Debug|x64
		{D1675A9E-715C-4015-82CB-A4C424F87318}.Debug|x86.ActiveCfg = Debug|Win32
		{D1675A9E-715C-4015-82CB-A4C424F87318}.Debug|x86.Build.0 = Debug|Win32
		{D1675A9E-715C-4015-82CB-A4C424F87318}.Release|x64.ActiveCfg = Release|x64
		{D1675A9E-715C-4015-82CB-A4C424F87318}.Release|x64.Build.0 = Release|x64
		{D1675A9E-715C-4015-82CB-A4C424F87318}.Release|x86.ActiveCfg = Release|Win32
		{D1675A9E-715C-4015-82CB-A4C424F87318}.Release|x86.Build.0 = Release|Win32
		{72886FA7-9692-4C88-8CB8-C30E7BDD0B24}.Debug|x64.ActiveCfg = Debug|x64
		{72886FA7-9692-4C88-8CB8-C30E7BDD0B24}.Debug|x64.Build.0 = Debug|x64
		{72886FA7-9692-4C88-8CB8-C30E7BDD0B24}.Debug|x86.ActiveCfg = Debug|Win32
		{72886FA7-9692-4C88-8CB8-C30E7BDD0B24}.Debug|x86.Build.0 = Debug|Win32
		{72886FA7-9692-4C88-8CB8-C30E7BDD0B24}.Release|x64.ActiveCfg = Release|x64
		{72886FA7-9692-4C88-8CB8-C30E7BDD0B24}.Release|x64.Build.0 = Release|x64
		{72886FA7-9692-4C88-8CB8-C30E7BDD0B24}.Release|x86.ActiveCfg = Release|Win32
		{72886FA7-9692-4C88-8CB8-C30E7BDD0B24}.Release|x86.Build.0 = Release|Win32
		{92240CEC-802D-44CB-AEF0-EC6A19D495C0}.Debug|x64.ActiveCfg = Debug|x64
		{92240CEC-802D-44CB-AEF0-EC6A19D495C0}.Debug|x64.Build.0 = Debug|x64
		{92240CEC-802D-44CB-AEF0-EC6A19D495C0}.Debug|x86.ActiveCfg = Debug|Win32
		{92240CEC-802D-44CB-AEF0-EC6A19D495C0}.Debug|x86.Build.0 = Debug|Win32
		{92240CEC-802D-44CB-AEF0-EC6A19D495C0}.Release|x64.ActiveCfg = Release|x64
		{92240CEC-802D-44CB-AEF0-EC6A19D495C0}.Release|x64.Build.0 = Release|x64
		{92240CEC-802D-44CB-AEF0-EC6A19D495C0}.Release|x86.ActiveCfg = Release|Win32
		{92240CEC-802D-44CB-AEF0-EC6A19D495C0}.Release|x86.Build.0 = Release|Win32
		{8CEAC6A1-C1E2-4C61-9967-089A87430128}.Debug|x64.ActiveCfg = Debug|x64
		{8CEAC6A1-C1E2-4C61-9967-089A87430128}.Debug|x64.Build.0 = Debug|x64
		{8CEAC6A1-C1E2-4C61-9967-089A87430128}.Debug|x86.ActiveCfg = Debug|Win32
		{8CEAC6A1-C1E2-4C61-9967-089A87430128}.Debug|x86.Build.0 = Debug|Win32
		{8CEAC6A1-C1E2-4C61-9967-089A87430128}.Release|x64.ActiveCfg = Release|x64
		{8CEAC6A1-C1E2-4C61-9967-089A87430128}.Release|x64.Build.0 = Release|x64
		{8CEAC6A1-C1E2-4C61-9967-089A87430128}.Release|x86.ActiveCfg = Release|Win32
		{8CEAC6A1-C1E2-4C61-9967-089A87430128}.Release|x86.Build.0 = Release|Win32
		{40CC9CB3-74A5-415B-A94C-9A8FE2042F3E}.Debug|x64.ActiveCfg = Debug|x64
		{40CC9CB3-74A5-415B-A94C-9A8FE2042F3E}.Debug|x64.Build.0 = Debug|x64
		{40CC9CB3-74A5-415B-A94C-9A8FE2042F3E}.Debug|x86.ActiveCfg = Debug|Win32
		{40CC9CB3-74A5-415B-A94C-9A8FE2042F3E}.Debug|x86.Build.0 = Debug|Win32
		{40CC9CB3-74A5-415B-A94C-9A8FE2042F3E}.Release|x64.ActiveCfg = Release|x64
		{40CC9CB3-74A5-415B-A94C-9A8FE2042F3E}.Release|x64.Build.0 = Release|x64
		{40CC9CB3-74A5-415B-A94C-9A8FE2042F3E}.Release|x86.ActiveCfg = Release|Win32
		{40CC9CB3-74A5-415B-A94C-9A8FE2042F3E}.Release|x86.Build.0 = Release|Win32
		{F0825314-4979-43E0-B17C-A5B9FED4389E}.Debug|x64.ActiveCfg = Debug|x64
		{F0825314-4979-43E0-B17C-A5B9FED4389E}.Debug|x64.Build.0 = Debug|x64
		{F0825314-4979-43E0-B17C-A5B9FED4389E}.Debug|x86.ActiveCfg = Debug|Win32
		{F0825314-4979-43E0-B17C-A5B9FED4389E}.Debug|x86.Build.0 = Debug|Win32
		{F0825314-4979-43E0-B17C-A5B9FED4389E}.Release|x64.ActiveCfg = Release|x64
		{F0825314-4979-43E0-B17C-A5B9FED4389E}.Release|x64.Build.0 = Release|x64
		{F0825314-4979-43E0-B17C-A5B9FED4389E}.Release|x86.ActiveCfg = Release|Win32
		{F0825314-4979-43E0-B17C-A5B9FED4389E}.Release|x86.Build.0 = Release|Win32
		{1B973648-976B-4D0F-A132-1595FB415C03}.Debug|x64.ActiveCfg = Debug|x64
		{1B973648-976B-4D0F-A132-1595FB415C03}.Debug|x64.Build.0 = Debug|x64
		{1B973648-976B-4D0F-A132-1595FB415C03}.Debug|x86.ActiveCfg = Debug|Win32
		{1B973648-976B-4D0F-A132-1595FB415C03}.Debug|x86.Build.0 = Debug|Win32
		{1B973648-976B-4D0F-A132-1595FB415C03}.Release|x64.ActiveCfg = Release|x64
		{1B973648-976B-4D0F-A132-1595FB415C03}.Release|x64.Build.0 = Release|x64
		{1B973648-976B-4D0F-A132-1595FB415C03}.Release|x86.ActiveCfg = Release|Win32
		{1B973648-976B-4D0F-A132-1595FB415C03}.Release|x86.Build.0 = Release|Win32
		{7607822D-EE51-4E8F-8965-9EB11DB7C30A}.Debug|x64.ActiveCfg = Debug|x64
		{7607822D-EE51-4E8F-8965-9EB11DB7C30A}.Debug|x64.Build.0 = Debug|x64
		{7607822D-EE51-4E8F-8965-9EB11DB7C30A}.Debug|x86.ActiveCfg = Debug|Win32
		{7607822D-EE51-4E8F-8965-9EB11DB7C30A}.Debug|x86.Build.0 = Debug|Win32
		{7607822D-EE51-4E8F-8965-9EB11DB7C30A}.Release|x64.ActiveCfg = Release|x64
		{7607822D-EE51-4E8F-8965-9EB11DB7C30A}.Release|x64.Build.0 = Release|x64
		{7607822D-EE51-4E8F-8965-9EB11DB7C30A}.Release|x86.ActiveCfg = Release|Win32
		{7607822D-EE51-4E8F-8965-9EB11DB7C30A}.Release|x86.Build.0 = Release|Win32
		{D694D040-869C-4E76-9733-A7F9E9D1AF8C}.Debug|x64.ActiveCfg = Debug|x64
		{D694D040-869C-4E76-9733-A7F9E9D1AF8C}.Debug|x64.Build.0 = Debug|x64
		{D694D040-869C-4E76-9733-A7F9E9D1AF8C}.Debug|x86.ActiveCfg = Debug|Win32
		{D694D040-869C-4E76-9733-A7F9E9D1AF8C}.Debug|x86.Build.0 = Debug|Win32
		{D694D040-869C-4E76-9733-A7F9E9D1AF8C}.Release|x64.ActiveCfg = Release|x64
		{D694D040-869C-4E76-9733-A7F9E9D1AF8C}.Release|x64.Build.0 = Release|x64
		{D694D040-869C-4E76-9733-A7F9E9D1AF8C}.Release|x86.ActiveCfg = Release|Win32
		{D694D040-869C-4E76-9733-A7F9E9D1AF8C}.Release|x86.Build.0 = Release|Win32
		{FE5D7A63-9001-4472-BE4E-6CC48A45DD3D}.Debug|x64.ActiveCfg = Debug|x64
		{FE5D7A63-9001-4472-BE4E-6CC48A45DD3D}.Debug|x64.Build.0 = Debug|x64
		{FE5D7A63-9001-4472-BE4E-6CC48A45DD3D}.Debug|x86.ActiveCfg = Debug|Win32
		{FE5D7A63-9001-4472-BE4E-6CC48A45DD3D}.Debug|x86.Build.0 = Debug|Win32
		{FE5D7A63-9001-4472-BE4E-6CC48A45DD3D}.Release|x64.ActiveCfg = Release|x64
		{FE5D7A63-9001-4472-BE4E-6CC48A45DD3D}.Release|x64.Build.0 = Release|x64
		{FE5D7A63-9001-4472-BE4E-6CC48A45DD3D}.Release|x86.ActiveCfg = Release|Win32
		{FE5D7A63-9001-4472-BE4E-6CC48A45DD3D}.Release|x86.Build.0 = Release|Win32
		{BC748C64-749E-49A3-B032-2B9FE4A35D63}.Debug|x64.ActiveCfg = Debug|x64
		{BC748C64-749E-49A3-B032-2B9FE4A35D63}.Debug|x64.Build.0 = Debug|x64
		{BC748C64-749E-49A3-B032-2B9FE4A35D63}.Debug|x86.ActiveCfg = Debug|Win32
		{BC748C64-749E-49A3-B032-2B9FE4A35D63}.Debug|x86.Build.0 = Debug|Win32
		{BC748C64-749E-49A3-B032-2B9FE4A35D63}.Release|x64.ActiveCfg = Release|x64
		{BC748C64-749E-49A3-B032-2B9FE4A35D63}.Release|x64.Build.0 = Release|x64
		{BC748C64-749E-49A3-B032-2B9FE4A35D63}.Release|x86.ActiveCfg = Release|Win32
		{BC748C64-749E-49A3-B032-2B9FE4A35D63}.Release|x86.Build.0 = Release|Win32
		{335CC6F5-CE75-4207-9FF0-7B5273AA1A82}.Debug|x64.ActiveCfg = Debug|x64
		{335CC6F5-CE75-4207-9FF0-7B5273AA1A82}.Debug|x64.Build.0 = Debug|x64
		{335CC6F5-CE75-4207-9FF0-7B5273AA1A82}.Debug|x86.ActiveCfg = Debug|Win32
		{335CC6F5-CE75-4207-9FF0-7B5273AA1A82}.Debug|x86.Build.0 = Debug|Win32
		{335CC6F5-CE75-4207-9FF0-7B5273AA1A82}.Release|x64.ActiveCfg = Release|x64
		{335CC6F5-CE75-4207-9FF0-7B5273AA1A82}.Release|x64.Build.0 = Release|x64
		{335CC6F5-CE75-4207-9FF0-7B5273AA1A82}.Release|x86.ActiveCfg = Release|Win32
		{335CC6F5-CE75-4207-9FF0-7B5273AA1A82}.Release|x86.Build.0 = Release|Win32
		{C379C57D-BFE4-4189-B744-42E7794A6293}.Debug|x64.ActiveCfg = Debug|x64
		{C379C57D-BFE4-4189-B744-42E7794A6293}.Debug|x64.Build.0 = Debug|x64
		{C379C57D-BFE4-4189-B744-42E7794A6293}.Debug|x86.ActiveCfg = Debug|Win32
		{C379C57D-BFE4-4189-B744-42E7794A6293}.Debug|x86.Build.0 = Debug|Win32
		{C379C57D-BFE4-4189-B744-42E7794A6293}.Release|x64.ActiveCfg = Release|x64
		{C379C57D-BFE4-4189-B744-42E7794A6293}.Release|x64.Build.0 = Release|x64
		{C379C57D-BFE4-4189-B744-42E7794A6293}.Release|x86.ActiveCfg = Release|Win32
		{C379C57D-BFE4-4189-B744-42E7794A6293}.Release|x86.Build.0 = Release|Win32
		{1D700AFD-A8B5-41AB-9139-07ADA856D14F}.Debug|x64.ActiveCfg = Debug|x64
		{1D700AFD-A8B5-41AB-9139-07ADA856D14F}.Debug|x64.Build.0 = Debug|x64
		{1D700AFD-A8B5-41AB-9139-07ADA856D14F}.Debug|x86.ActiveCfg = Debug|Win32
		{1D700AFD-A8B5-41AB-9139-07ADA856D14F}.Debug|x86.Build.0 = Debug|Win32
		{1D700AFD-A8B5-41AB-9139-07ADA856D14F}.Release|x64.ActiveCfg = Release|x64
		{1D700AFD-A8B5-41AB-9139-07ADA856D14F}.Release|x64.Build.0 = Release|x64
		{1D700AFD-A8B5-41AB-9139-07ADA856D14F}.Release|x86.ActiveCfg = Release|Win32
		{1D700AFD-A8B5-41AB-9139-07ADA856D14F}.Release|x86.Build.0 = Release|Win32
		{0E9C3D77-6B6D-40C7-AC4A-AD4212CB4A18}.Debug|x64.ActiveCfg = Debug|x64
		{0E9C3D77-6B6D-40C7-AC4A-AD4212CB4A18}.Debug|x64.Build.0 = Debug|x64
		{0E9C3D77-6B6D-40C7-AC4A-AD4212CB4A18}.Debug|x86.ActiveCfg = Debug|Win32
		{0E9C3D77-6B6D-40C7-AC4A-AD4212CB4A18}.Debug|x86.Build.0 = Debug|Win32
		{0E9C3D77-6B6D-40C7-AC4A-AD4212CB4A18}.Release|x64.ActiveCfg = Release|x64
		{0E9C3D77-6B6D-40C7-AC4A-AD4212CB4A18}.Release|x64.Build.0 = Release|x64
		{0E9C3D77-6B6D-40C7-AC4A-AD4212CB4A18}.Release|x86.ActiveCfg = Release|Win32
		{0E9C3D77-6B6D-40C7-AC4A-AD4212CB4A18}.Release|x86.Build.0 = Release|Win32
		{EC38ECF5-9990-4709-9AD4-FEA275615925}.Debug|x64.ActiveCfg = Debug|x64
		{EC38ECF5-9990-4709-9AD4-FEA275615925}.Debug|x64.Build.0 = Debug|x64
		{EC38ECF5-9990-4709-9AD4-FEA275615925}.Debug|x86.ActiveCfg = Debug|Win32
		{EC38ECF5-9990-4709-9AD4-FEA275615925}.Debug|x86.Build.0 = Debug|Win32
		{EC38ECF5-9990-4709-9AD4-FEA275615925}.Release|x64.ActiveCfg = Release|x64
		{EC38ECF5-9990-4709-9AD4-FEA275615925}.Release|x64.Build.0 = Release|x64
		{EC38ECF5-9990-4709-9AD4-FEA275615925}.Release|x86.ActiveCfg = Release|Win32
		{EC38ECF5-9990-4709-9AD4-FEA275615925}.Release|x86.Build.0 = Release|Win32
		{2B2FF663-BE78-4B2E-8E34-3EE2EDD59F9C}.Debug|x64.ActiveCfg = Debug|x64
		{2B2FF663-BE78-4B2E-8E34-3EE2EDD59F9C}.Debug|x64.Build.0 = Debug|x64
		{2B2FF663-BE78-4B2E-8E34-3EE2EDD59F9C}.Debug|x86.ActiveCfg = Debug|Win32
		{2B2FF663-BE78-4B2E-8E34-3EE2EDD59F9C}.Debug|x86.Build.0 = Debug|Win32
		{2B2FF663-BE78-4B2E-8E34-3EE2EDD59F9C}.Release|x64.ActiveCfg = Release|x64
		{2B2FF663-BE78-4B2E-8E34-3EE2EDD59F9C}.Release|x64.Build.0 = Release|x64
		{2B2FF663-BE78-4B2E-8E34-3EE2EDD59F9C}.Release|x86.ActiveCfg = Release|Win32
		{2B2FF663-BE78-4B2E-8E34-3EE2EDD59F9C}.Release|x86.Build.0 = Release|Win32
		{74A75849-7D2D-47EB-A324-5465B64FE74E}.Debug|x64.ActiveCfg = Debug|x64
		{74A75849-7D2D-47EB-A324-5465B64FE74E}.Debug|x64.Build.0 = Debug|x64
		{74A75849-7D2D-47EB-A324-5465B64FE74E}.Debug|x86.ActiveCfg = Debug|Win32
		{74A75849-7D2D-47EB-A324-5465B64FE74E}.Debug|x86.Build.0 = Debug|Win32
		{74A75849-7D2D-47EB-A324-5465B64FE74E}.Release|x64.ActiveCfg = Release|x64
		{74A75849-7D2D-47EB-A324-5465B64FE74E}.Release|x64.Build.0 = Release|x64
		{74A75849-7D2D-47EB-A324-5465B64FE74E}.Release|x86.ActiveCfg = Release|Win32
		{74A75849-7D2D-47EB-A324-5465B64FE74E}.Release|x86.Build.0 = Release|Win32
		{FF38D7B8-C846-4317-A80D-28831A95A5F9}.Debug|x64.ActiveCfg = Debug|x64
		{FF38D7B8-C846-4317-A80D-28831A95A5F9}.Debug|x64.Build.0 = Debug|x64
		{FF38D7B8-C846-4317-A80D-28831A95A5F9}.Debug|x86.ActiveCfg = Debug|Win32
		{FF38D7B8-C846-4317-A80D-28831A95A5F9}.Debug|x86.Build.0 = Debug|Win32
		{FF38D7B8-C846-4317-A80D-28831A95A5F9}.Release|x64.ActiveCfg = Release|x64
		{FF38D7B8-C846-4317-A80D-28831A95A5F9}.Release|x64.Build.0 = Release|x64
		{FF38D7B8-C846-4317-A80D-28831A95A5F9}.Release|x86.ActiveCfg = Release|Win32
		{FF38D7B8-C846-4317-A80D-28831A95A5F9}.Release|x86.Build.0 = Release|Win32
		{BA6F736C-CB66-44CB-96CD-41C7E00246AB}.Debug|x64.ActiveCfg = Debug|x64
		{BA6F736C-CB66-44CB-96CD-41C7E00246AB}.Debug|x64.Build.0 = Debug|x64
		{BA6F736C-CB66-44CB-96CD-41C7E00246AB}.Debug|x86.ActiveCfg = Debug|Win32
		{BA6F736C-CB66-44CB-96CD-41C7E00246AB}.Debug|x86.Build.0 = Debug|Win32
		{BA6F736C-CB66-44CB-96CD-41C7E00246AB}.Release|x64.ActiveCfg = Release|x64
		{BA6F736C-CB66-44CB-96CD-41C7E00246AB}.Release|x64.Build.0 = Release|x64
		{BA6F736C-CB66-44CB-96CD-41C7E00246AB}.Release|x86.ActiveCfg = Release|Win32
		{BA6F736C-CB66-44CB-96CD-41C7E00246AB}.Release|x86.Build.0 = Release|Win32
	EndGlobalSection
	GlobalSection(SolutionProperties) = preSolution
		HideSolutionNode = FALSE
	EndGlobalSection
EndGlobal
